{
  "name": "BuyCours",
  "lockfileVersion": 2,
  "requires": true,
  "packages": {
    "": {
      "dependencies": {
        "timeline": "^3.4.1"
      }
    },
    "node_modules/timeline": {
      "version": "3.4.1",
      "resolved": "https://registry.npmjs.org/timeline/-/timeline-3.4.1.tgz",
      "integrity": "sha512-HR4TRRy6MW4sn5ThNWQhuOiFhWTgj1wtIuYoSrKp5VCD+zcLqsYx77b/3ynZVdls0fALyl2lmnB48mN6emIKQw=="
    }
  },
  "dependencies": {
    "timeline": {
      "version": "3.4.1",
      "resolved": "https://registry.npmjs.org/timeline/-/timeline-3.4.1.tgz",
      "integrity": "sha512-HR4TRRy6MW4sn5ThNWQhuOiFhWTgj1wtIuYoSrKp5VCD+zcLqsYx77b/3ynZVdls0fALyl2lmnB48mN6emIKQw=="
    }
  }
}
